// !$*UTF8*$!
{
	archiveVersion = 1;
	classes = {
	};
	objectVersion = 55;
	objects = {

/* Begin PBXBuildFile section */
		3B3BFBBE29BE1A1F001FC54D /* AppDelegate.swift in Sources */ = {isa = PBXBuildFile; fileRef = 3B3BFBBD29BE1A1F001FC54D /* AppDelegate.swift */; };
		3B3BFBC029BE1A20001FC54D /* GameScene.sks in Resources */ = {isa = PBXBuildFile; fileRef = 3B3BFBBF29BE1A20001FC54D /* GameScene.sks */; };
		3B3BFBC229BE1A20001FC54D /* Actions.sks in Resources */ = {isa = PBXBuildFile; fileRef = 3B3BFBC129BE1A20001FC54D /* Actions.sks */; };
		3B3BFBC429BE1A20001FC54D /* GameScene.swift in Sources */ = {isa = PBXBuildFile; fileRef = 3B3BFBC329BE1A20001FC54D /* GameScene.swift */; };
		3B3BFBC629BE1A20001FC54D /* GameViewController.swift in Sources */ = {isa = PBXBuildFile; fileRef = 3B3BFBC529BE1A20001FC54D /* GameViewController.swift */; };
		3B3BFBC929BE1A20001FC54D /* Main.storyboard in Resources */ = {isa = PBXBuildFile; fileRef = 3B3BFBC729BE1A20001FC54D /* Main.storyboard */; };
		3B3BFBCB29BE1A22001FC54D /* Assets.xcassets in Resources */ = {isa = PBXBuildFile; fileRef = 3B3BFBCA29BE1A22001FC54D /* Assets.xcassets */; };
		3B3BFBCE29BE1A22001FC54D /* LaunchScreen.storyboard in Resources */ = {isa = PBXBuildFile; fileRef = 3B3BFBCC29BE1A22001FC54D /* LaunchScreen.storyboard */; };
		3B3BFBD829BE1A22001FC54D /* Piggly_WigglyTests.swift in Sources */ = {isa = PBXBuildFile; fileRef = 3B3BFBD729BE1A22001FC54D /* Piggly_WigglyTests.swift */; };
		3B3BFBE229BE1A22001FC54D /* Piggly_WigglyUITests.swift in Sources */ = {isa = PBXBuildFile; fileRef = 3B3BFBE129BE1A22001FC54D /* Piggly_WigglyUITests.swift */; };
		3B3BFBE429BE1A22001FC54D /* Piggly_WigglyUITestsLaunchTests.swift in Sources */ = {isa = PBXBuildFile; fileRef = 3B3BFBE329BE1A22001FC54D /* Piggly_WigglyUITestsLaunchTests.swift */; };
/* End PBXBuildFile section */

/* Begin PBXContainerItemProxy section */
		3B3BFBD429BE1A22001FC54D /* PBXContainerItemProxy */ = {
			isa = PBXContainerItemProxy;
			containerPortal = 3B3BFBB229BE1A1F001FC54D /* Project object */;
			proxyType = 1;
			remoteGlobalIDString = 3B3BFBB929BE1A1F001FC54D;
			remoteInfo = "Piggly Wiggly";
		};
		3B3BFBDE29BE1A22001FC54D /* PBXContainerItemProxy */ = {
			isa = PBXContainerItemProxy;
			containerPortal = 3B3BFBB229BE1A1F001FC54D /* Project object */;
			proxyType = 1;
			remoteGlobalIDString = 3B3BFBB929BE1A1F001FC54D;
			remoteInfo = "Piggly Wiggly";
		};
/* End PBXContainerItemProxy section */

/* Begin PBXFileReference section */
		3B3BFBBA29BE1A1F001FC54D /* Piggly Wiggly.app */ = {isa = PBXFileReference; explicitFileType = wrapper.application; includeInIndex = 0; path = "Piggly Wiggly.app"; sourceTree = BUILT_PRODUCTS_DIR; };
		3B3BFBBD29BE1A1F001FC54D /* AppDelegate.swift */ = {isa = PBXFileReference; lastKnownFileType = sourcecode.swift; path = AppDelegate.swift; sourceTree = "<group>"; };
		3B3BFBBF29BE1A20001FC54D /* GameScene.sks */ = {isa = PBXFileReference; lastKnownFileType = file.sks; path = GameScene.sks; sourceTree = "<group>"; };
		3B3BFBC129BE1A20001FC54D /* Actions.sks */ = {isa = PBXFileReference; lastKnownFileType = file.sks; path = Actions.sks; sourceTree = "<group>"; };
		3B3BFBC329BE1A20001FC54D /* GameScene.swift */ = {isa = PBXFileReference; lastKnownFileType = sourcecode.swift; path = GameScene.swift; sourceTree = "<group>"; };
		3B3BFBC529BE1A20001FC54D /* GameViewController.swift */ = {isa = PBXFileReference; lastKnownFileType = sourcecode.swift; path = GameViewController.swift; sourceTree = "<group>"; };
		3B3BFBC829BE1A20001FC54D /* Base */ = {isa = PBXFileReference; lastKnownFileType = file.storyboard; name = Base; path = Base.lproj/Main.storyboard; sourceTree = "<group>"; };
		3B3BFBCA29BE1A22001FC54D /* Assets.xcassets */ = {isa = PBXFileReference; lastKnownFileType = folder.assetcatalog; path = Assets.xcassets; sourceTree = "<group>"; };
		3B3BFBCD29BE1A22001FC54D /* Base */ = {isa = PBXFileReference; lastKnownFileType = file.storyboard; name = Base; path = Base.lproj/LaunchScreen.storyboard; sourceTree = "<group>"; };
		3B3BFBD329BE1A22001FC54D /* Piggly WigglyTests.xctest */ = {isa = PBXFileReference; explicitFileType = wrapper.cfbundle; includeInIndex = 0; path = "Piggly WigglyTests.xctest"; sourceTree = BUILT_PRODUCTS_DIR; };
		3B3BFBD729BE1A22001FC54D /* Piggly_WigglyTests.swift */ = {isa = PBXFileReference; lastKnownFileType = sourcecode.swift; path = Piggly_WigglyTests.swift; sourceTree = "<group>"; };
		3B3BFBDD29BE1A22001FC54D /* Piggly WigglyUITests.xctest */ = {isa = PBXFileReference; explicitFileType = wrapper.cfbundle; includeInIndex = 0; path = "Piggly WigglyUITests.xctest"; sourceTree = BUILT_PRODUCTS_DIR; };
		3B3BFBE129BE1A22001FC54D /* Piggly_WigglyUITests.swift */ = {isa = PBXFileReference; lastKnownFileType = sourcecode.swift; path = Piggly_WigglyUITests.swift; sourceTree = "<group>"; };
		3B3BFBE329BE1A22001FC54D /* Piggly_WigglyUITestsLaunchTests.swift */ = {isa = PBXFileReference; lastKnownFileType = sourcecode.swift; path = Piggly_WigglyUITestsLaunchTests.swift; sourceTree = "<group>"; };
/* End PBXFileReference section */

/* Begin PBXFrameworksBuildPhase section */
		3B3BFBB729BE1A1F001FC54D /* Frameworks */ = {
			isa = PBXFrameworksBuildPhase;
			buildActionMask = 2147483647;
			files = (
			);
			runOnlyForDeploymentPostprocessing = 0;
		};
		3B3BFBD029BE1A22001FC54D /* Frameworks */ = {
			isa = PBXFrameworksBuildPhase;
			buildActionMask = 2147483647;
			files = (
			);
			runOnlyForDeploymentPostprocessing = 0;
		};
		3B3BFBDA29BE1A22001FC54D /* Frameworks */ = {
			isa = PBXFrameworksBuildPhase;
			buildActionMask = 2147483647;
			files = (
			);
			runOnlyForDeploymentPostprocessing = 0;
		};
/* End PBXFrameworksBuildPhase section */

/* Begin PBXGroup section */
		3B3BFBB129BE1A1F001FC54D = {
			isa = PBXGroup;
			children = (
				3B3BFBBC29BE1A1F001FC54D /* Piggly Wiggly */,
				3B3BFBD629BE1A22001FC54D /* Piggly WigglyTests */,
				3B3BFBE029BE1A22001FC54D /* Piggly WigglyUITests */,
				3B3BFBBB29BE1A1F001FC54D /* Products */,
			);
			sourceTree = "<group>";
		};
		3B3BFBBB29BE1A1F001FC54D /* Products */ = {
			isa = PBXGroup;
			children = (
				3B3BFBBA29BE1A1F001FC54D /* Piggly Wiggly.app */,
				3B3BFBD329BE1A22001FC54D /* Piggly WigglyTests.xctest */,
				3B3BFBDD29BE1A22001FC54D /* Piggly WigglyUITests.xctest */,
			);
			name = Products;
			sourceTree = "<group>";
		};
		3B3BFBBC29BE1A1F001FC54D /* Piggly Wiggly */ = {
			isa = PBXGroup;
			children = (
				3B3BFBBD29BE1A1F001FC54D /* AppDelegate.swift */,
				3B3BFBBF29BE1A20001FC54D /* GameScene.sks */,
				3B3BFBC129BE1A20001FC54D /* Actions.sks */,
				3B3BFBC329BE1A20001FC54D /* GameScene.swift */,
				3B3BFBC529BE1A20001FC54D /* GameViewController.swift */,
				3B3BFBC729BE1A20001FC54D /* Main.storyboard */,
				3B3BFBCA29BE1A22001FC54D /* Assets.xcassets */,
				3B3BFBCC29BE1A22001FC54D /* LaunchScreen.storyboard */,
			);
			path = "Piggly Wiggly";
			sourceTree = "<group>";
		};
		3B3BFBD629BE1A22001FC54D /* Piggly WigglyTests */ = {
			isa = PBXGroup;
			children = (
				3B3BFBD729BE1A22001FC54D /* Piggly_WigglyTests.swift */,
			);
			path = "Piggly WigglyTests";
			sourceTree = "<group>";
		};
		3B3BFBE029BE1A22001FC54D /* Piggly WigglyUITests */ = {
			isa = PBXGroup;
			children = (
				3B3BFBE129BE1A22001FC54D /* Piggly_WigglyUITests.swift */,
				3B3BFBE329BE1A22001FC54D /* Piggly_WigglyUITestsLaunchTests.swift */,
			);
			path = "Piggly WigglyUITests";
			sourceTree = "<group>";
		};
/* End PBXGroup section */

/* Begin PBXNativeTarget section */
		3B3BFBB929BE1A1F001FC54D /* Piggly Wiggly */ = {
			isa = PBXNativeTarget;
			buildConfigurationList = 3B3BFBE729BE1A22001FC54D /* Build configuration list for PBXNativeTarget "Piggly Wiggly" */;
			buildPhases = (
				3B3BFBB629BE1A1F001FC54D /* Sources */,
				3B3BFBB729BE1A1F001FC54D /* Frameworks */,
				3B3BFBB829BE1A1F001FC54D /* Resources */,
			);
			buildRules = (
			);
			dependencies = (
			);
			name = "Piggly Wiggly";
			productName = "Piggly Wiggly";
			productReference = 3B3BFBBA29BE1A1F001FC54D /* Piggly Wiggly.app */;
			productType = "com.apple.product-type.application";
		};
		3B3BFBD229BE1A22001FC54D /* Piggly WigglyTests */ = {
			isa = PBXNativeTarget;
			buildConfigurationList = 3B3BFBEA29BE1A22001FC54D /* Build configuration list for PBXNativeTarget "Piggly WigglyTests" */;
			buildPhases = (
				3B3BFBCF29BE1A22001FC54D /* Sources */,
				3B3BFBD029BE1A22001FC54D /* Frameworks */,
				3B3BFBD129BE1A22001FC54D /* Resources */,
			);
			buildRules = (
			);
			dependencies = (
				3B3BFBD529BE1A22001FC54D /* PBXTargetDependency */,
			);
			name = "Piggly WigglyTests";
			productName = "Piggly WigglyTests";
			productReference = 3B3BFBD329BE1A22001FC54D /* Piggly WigglyTests.xctest */;
			productType = "com.apple.product-type.bundle.unit-test";
		};
		3B3BFBDC29BE1A22001FC54D /* Piggly WigglyUITests */ = {
			isa = PBXNativeTarget;
			buildConfigurationList = 3B3BFBED29BE1A22001FC54D /* Build configuration list for PBXNativeTarget "Piggly WigglyUITests" */;
			buildPhases = (
				3B3BFBD929BE1A22001FC54D /* Sources */,
				3B3BFBDA29BE1A22001FC54D /* Frameworks */,
				3B3BFBDB29BE1A22001FC54D /* Resources */,
			);
			buildRules = (
			);
			dependencies = (
				3B3BFBDF29BE1A22001FC54D /* PBXTargetDependency */,
			);
			name = "Piggly WigglyUITests";
			productName = "Piggly WigglyUITests";
			productReference = 3B3BFBDD29BE1A22001FC54D /* Piggly WigglyUITests.xctest */;
			productType = "com.apple.product-type.bundle.ui-testing";
		};
/* End PBXNativeTarget section */

/* Begin PBXProject section */
		3B3BFBB229BE1A1F001FC54D /* Project object */ = {
			isa = PBXProject;
			attributes = {
				BuildIndependentTargetsInParallel = 1;
				LastSwiftUpdateCheck = 1310;
				LastUpgradeCheck = 1310;
				TargetAttributes = {
					3B3BFBB929BE1A1F001FC54D = {
						CreatedOnToolsVersion = 13.1;
					};
					3B3BFBD229BE1A22001FC54D = {
						CreatedOnToolsVersion = 13.1;
						TestTargetID = 3B3BFBB929BE1A1F001FC54D;
					};
					3B3BFBDC29BE1A22001FC54D = {
						CreatedOnToolsVersion = 13.1;
						TestTargetID = 3B3BFBB929BE1A1F001FC54D;
					};
				};
			};
			buildConfigurationList = 3B3BFBB529BE1A1F001FC54D /* Build configuration list for PBXProject "Piggly Wiggly" */;
			compatibilityVersion = "Xcode 13.0";
			developmentRegion = en;
			hasScannedForEncodings = 0;
			knownRegions = (
				en,
				Base,
			);
			mainGroup = 3B3BFBB129BE1A1F001FC54D;
			productRefGroup = 3B3BFBBB29BE1A1F001FC54D /* Products */;
			projectDirPath = "";
			projectRoot = "";
			targets = (
				3B3BFBB929BE1A1F001FC54D /* Piggly Wiggly */,
				3B3BFBD229BE1A22001FC54D /* Piggly WigglyTests */,
				3B3BFBDC29BE1A22001FC54D /* Piggly WigglyUITests */,
			);
		};
/* End PBXProject section */

/* Begin PBXResourcesBuildPhase section */
		3B3BFBB829BE1A1F001FC54D /* Resources */ = {
			isa = PBXResourcesBuildPhase;
			buildActionMask = 2147483647;
			files = (
				3B3BFBC929BE1A20001FC54D /* Main.storyboard in Resources */,
				3B3BFBC029BE1A20001FC54D /* GameScene.sks in Resources */,
				3B3BFBCB29BE1A22001FC54D /* Assets.xcassets in Resources */,
				3B3BFBCE29BE1A22001FC54D /* LaunchScreen.storyboard in Resources */,
				3B3BFBC229BE1A20001FC54D /* Actions.sks in Resources */,
			);
			runOnlyForDeploymentPostprocessing = 0;
		};
		3B3BFBD129BE1A22001FC54D /* Resources */ = {
			isa = PBXResourcesBuildPhase;
			buildActionMask = 2147483647;
			files = (
			);
			runOnlyForDeploymentPostprocessing = 0;
		};
		3B3BFBDB29BE1A22001FC54D /* Resources */ = {
			isa = PBXResourcesBuildPhase;
			buildActionMask = 2147483647;
			files = (
			);
			runOnlyForDeploymentPostprocessing = 0;
		};
/* End PBXResourcesBuildPhase section */

/* Begin PBXSourcesBuildPhase section */
		3B3BFBB629BE1A1F001FC54D /* Sources */ = {
			isa = PBXSourcesBuildPhase;
			buildActionMask = 2147483647;
			files = (
				3B3BFBC429BE1A20001FC54D /* GameScene.swift in Sources */,
				3B3BFBC629BE1A20001FC54D /* GameViewController.swift in Sources */,
				3B3BFBBE29BE1A1F001FC54D /* AppDelegate.swift in Sources */,
			);
			runOnlyForDeploymentPostprocessing = 0;
		};
		3B3BFBCF29BE1A22001FC54D /* Sources */ = {
			isa = PBXSourcesBuildPhase;
			buildActionMask = 2147483647;
			files = (
				3B3BFBD829BE1A22001FC54D /* Piggly_WigglyTests.swift in Sources */,
			);
			runOnlyForDeploymentPostprocessing = 0;
		};
		3B3BFBD929BE1A22001FC54D /* Sources */ = {
			isa = PBXSourcesBuildPhase;
			buildActionMask = 2147483647;
			files = (
				3B3BFBE229BE1A22001FC54D /* Piggly_WigglyUITests.swift in Sources */,
				3B3BFBE429BE1A22001FC54D /* Piggly_WigglyUITestsLaunchTests.swift in Sources */,
			);
			runOnlyForDeploymentPostprocessing = 0;
		};
/* End PBXSourcesBuildPhase section */

/* Begin PBXTargetDependency section */
		3B3BFBD529BE1A22001FC54D /* PBXTargetDependency */ = {
			isa = PBXTargetDependency;
			target = 3B3BFBB929BE1A1F001FC54D /* Piggly Wiggly */;
			targetProxy = 3B3BFBD429BE1A22001FC54D /* PBXContainerItemProxy */;
		};
		3B3BFBDF29BE1A22001FC54D /* PBXTargetDependency */ = {
			isa = PBXTargetDependency;
			target = 3B3BFBB929BE1A1F001FC54D /* Piggly Wiggly */;
			targetProxy = 3B3BFBDE29BE1A22001FC54D /* PBXContainerItemProxy */;
		};
/* End PBXTargetDependency section */

/* Begin PBXVariantGroup section */
		3B3BFBC729BE1A20001FC54D /* Main.storyboard */ = {
			isa = PBXVariantGroup;
			children = (
				3B3BFBC829BE1A20001FC54D /* Base */,
			);
			name = Main.storyboard;
			sourceTree = "<group>";
		};
		3B3BFBCC29BE1A22001FC54D /* LaunchScreen.storyboard */ = {
			isa = PBXVariantGroup;
			children = (
				3B3BFBCD29BE1A22001FC54D /* Base */,
			);
			name = LaunchScreen.storyboard;
			sourceTree = "<group>";
		};
/* End PBXVariantGroup section */

/* Begin XCBuildConfiguration section */
		3B3BFBE529BE1A22001FC54D /* Debug */ = {
			isa = XCBuildConfiguration;
			buildSettings = {
				ALWAYS_SEARCH_USER_PATHS = NO;
				CLANG_ANALYZER_NONNULL = YES;
				CLANG_ANALYZER_NUMBER_OBJECT_CONVERSION = YES_AGGRESSIVE;
				CLANG_CXX_LANGUAGE_STANDARD = "gnu++17";
				CLANG_CXX_LIBRARY = "libc++";
				CLANG_ENABLE_MODULES = YES;
				CLANG_ENABLE_OBJC_ARC = YES;
				CLANG_ENABLE_OBJC_WEAK = YES;
				CLANG_WARN_BLOCK_CAPTURE_AUTORELEASING = YES;
				CLANG_WARN_BOOL_CONVERSION = YES;
				CLANG_WARN_COMMA = YES;
				CLANG_WARN_CONSTANT_CONVERSION = YES;
				CLANG_WARN_DEPRECATED_OBJC_IMPLEMENTATIONS = YES;
				CLANG_WARN_DIRECT_OBJC_ISA_USAGE = YES_ERROR;
				CLANG_WARN_DOCUMENTATION_COMMENTS = YES;
				CLANG_WARN_EMPTY_BODY = YES;
				CLANG_WARN_ENUM_CONVERSION = YES;
				CLANG_WARN_INFINITE_RECURSION = YES;
				CLANG_WARN_INT_CONVERSION = YES;
				CLANG_WARN_NON_LITERAL_NULL_CONVERSION = YES;
				CLANG_WARN_OBJC_IMPLICIT_RETAIN_SELF = YES;
				CLANG_WARN_OBJC_LITERAL_CONVERSION = YES;
				CLANG_WARN_OBJC_ROOT_CLASS = YES_ERROR;
				CLANG_WARN_QUOTED_INCLUDE_IN_FRAMEWORK_HEADER = YES;
				CLANG_WARN_RANGE_LOOP_ANALYSIS = YES;
				CLANG_WARN_STRICT_PROTOTYPES = YES;
				CLANG_WARN_SUSPICIOUS_MOVE = YES;
				CLANG_WARN_UNGUARDED_AVAILABILITY = YES_AGGRESSIVE;
				CLANG_WARN_UNREACHABLE_CODE = YES;
				CLANG_WARN__DUPLICATE_METHOD_MATCH = YES;
				COPY_PHASE_STRIP = NO;
				DEBUG_INFORMATION_FORMAT = dwarf;
				ENABLE_STRICT_OBJC_MSGSEND = YES;
				ENABLE_TESTABILITY = YES;
				GCC_C_LANGUAGE_STANDARD = gnu11;
				GCC_DYNAMIC_NO_PIC = NO;
				GCC_NO_COMMON_BLOCKS = YES;
				GCC_OPTIMIZATION_LEVEL = 0;
				GCC_PREPROCESSOR_DEFINITIONS = (
					"DEBUG=1",
					"$(inherited)",
				);
				GCC_WARN_64_TO_32_BIT_CONVERSION = YES;
				GCC_WARN_ABOUT_RETURN_TYPE = YES_ERROR;
				GCC_WARN_UNDECLARED_SELECTOR = YES;
				GCC_WARN_UNINITIALIZED_AUTOS = YES_AGGRESSIVE;
				GCC_WARN_UNUSED_FUNCTION = YES;
				GCC_WARN_UNUSED_VARIABLE = YES;
				IPHONEOS_DEPLOYMENT_TARGET = 15.0;
				MTL_ENABLE_DEBUG_INFO = INCLUDE_SOURCE;
				MTL_FAST_MATH = YES;
				ONLY_ACTIVE_ARCH = YES;
				SDKROOT = iphoneos;
				SWIFT_ACTIVE_COMPILATION_CONDITIONS = DEBUG;
				SWIFT_OPTIMIZATION_LEVEL = "-Onone";
			};
			name = Debug;
		};
		3B3BFBE629BE1A22001FC54D /* Release */ = {
			isa = XCBuildConfiguration;
			buildSettings = {
				ALWAYS_SEARCH_USER_PATHS = NO;
				CLANG_ANALYZER_NONNULL = YES;
				CLANG_ANALYZER_NUMBER_OBJECT_CONVERSION = YES_AGGRESSIVE;
				CLANG_CXX_LANGUAGE_STANDARD = "gnu++17";
				CLANG_CXX_LIBRARY = "libc++";
				CLANG_ENABLE_MODULES = YES;
				CLANG_ENABLE_OBJC_ARC = YES;
				CLANG_ENABLE_OBJC_WEAK = YES;
				CLANG_WARN_BLOCK_CAPTURE_AUTORELEASING = YES;
				CLANG_WARN_BOOL_CONVERSION = YES;
				CLANG_WARN_COMMA = YES;
				CLANG_WARN_CONSTANT_CONVERSION = YES;
				CLANG_WARN_DEPRECATED_OBJC_IMPLEMENTATIONS = YES;
				CLANG_WARN_DIRECT_OBJC_ISA_USAGE = YES_ERROR;
				CLANG_WARN_DOCUMENTATION_COMMENTS = YES;
				CLANG_WARN_EMPTY_BODY = YES;
				CLANG_WARN_ENUM_CONVERSION = YES;
				CLANG_WARN_INFINITE_RECURSION = YES;
				CLANG_WARN_INT_CONVERSION = YES;
				CLANG_WARN_NON_LITERAL_NULL_CONVERSION = YES;
				CLANG_WARN_OBJC_IMPLICIT_RETAIN_SELF = YES;
				CLANG_WARN_OBJC_LITERAL_CONVERSION = YES;
				CLANG_WARN_OBJC_ROOT_CLASS = YES_ERROR;
				CLANG_WARN_QUOTED_INCLUDE_IN_FRAMEWORK_HEADER = YES;
				CLANG_WARN_RANGE_LOOP_ANALYSIS = YES;
				CLANG_WARN_STRICT_PROTOTYPES = YES;
				CLANG_WARN_SUSPICIOUS_MOVE = YES;
				CLANG_WARN_UNGUARDED_AVAILABILITY = YES_AGGRESSIVE;
				CLANG_WARN_UNREACHABLE_CODE = YES;
				CLANG_WARN__DUPLICATE_METHOD_MATCH = YES;
				COPY_PHASE_STRIP = NO;
				DEBUG_INFORMATION_FORMAT = "dwarf-with-dsym";
				ENABLE_NS_ASSERTIONS = NO;
				ENABLE_STRICT_OBJC_MSGSEND = YES;
				GCC_C_LANGUAGE_STANDARD = gnu11;
				GCC_NO_COMMON_BLOCKS = YES;
				GCC_WARN_64_TO_32_BIT_CONVERSION = YES;
				GCC_WARN_ABOUT_RETURN_TYPE = YES_ERROR;
				GCC_WARN_UNDECLARED_SELECTOR = YES;
				GCC_WARN_UNINITIALIZED_AUTOS = YES_AGGRESSIVE;
				GCC_WARN_UNUSED_FUNCTION = YES;
				GCC_WARN_UNUSED_VARIABLE = YES;
				IPHONEOS_DEPLOYMENT_TARGET = 15.0;
				MTL_ENABLE_DEBUG_INFO = NO;
				MTL_FAST_MATH = YES;
				SDKROOT = iphoneos;
				SWIFT_COMPILATION_MODE = wholemodule;
				SWIFT_OPTIMIZATION_LEVEL = "-O";
				VALIDATE_PRODUCT = YES;
			};
			name = Release;
		};
		3B3BFBE829BE1A22001FC54D /* Debug */ = {
			isa = XCBuildConfiguration;
			buildSettings = {
				ASSETCATALOG_COMPILER_APPICON_NAME = AppIcon;
				ASSETCATALOG_COMPILER_GLOBAL_ACCENT_COLOR_NAME = AccentColor;
				CODE_SIGN_STYLE = Automatic;
				CURRENT_PROJECT_VERSION = 1;
				DEVELOPMENT_TEAM = V2D5DM42EG;
				GENERATE_INFOPLIST_FILE = YES;
				INFOPLIST_KEY_UIApplicationSupportsIndirectInputEvents = YES;
				INFOPLIST_KEY_UILaunchStoryboardName = LaunchScreen;
				INFOPLIST_KEY_UIMainStoryboardFile = Main;
				INFOPLIST_KEY_UIStatusBarHidden = YES;
				INFOPLIST_KEY_UISupportedInterfaceOrientations_iPad = "UIInterfaceOrientationPortrait UIInterfaceOrientationPortraitUpsideDown UIInterfaceOrientationLandscapeLeft UIInterfaceOrientationLandscapeRight";
				INFOPLIST_KEY_UISupportedInterfaceOrientations_iPhone = "UIInterfaceOrientationPortrait UIInterfaceOrientationLandscapeLeft UIInterfaceOrientationLandscapeRight";
				LD_RUNPATH_SEARCH_PATHS = (
					"$(inherited)",
					"@executable_path/Frameworks",
				);
				MARKETING_VERSION = 1.0;
				PRODUCT_BUNDLE_IDENTIFIER = "com.gnarlygav.Piggly-Wiggly";
				PRODUCT_NAME = "$(TARGET_NAME)";
				SWIFT_EMIT_LOC_STRINGS = YES;
				SWIFT_VERSION = 5.0;
				TARGETED_DEVICE_FAMILY = "1,2";
			};
			name = Debug;
		};
		3B3BFBE929BE1A22001FC54D /* Release */ = {
			isa = XCBuildConfiguration;
			buildSettings = {
				ASSETCATALOG_COMPILER_APPICON_NAME = AppIcon;
				ASSETCATALOG_COMPILER_GLOBAL_ACCENT_COLOR_NAME = AccentColor;
				CODE_SIGN_STYLE = Automatic;
				CURRENT_PROJECT_VERSION = 1;
				DEVELOPMENT_TEAM = V2D5DM42EG;
				GENERATE_INFOPLIST_FILE = YES;
				INFOPLIST_KEY_UIApplicationSupportsIndirectInputEvents = YES;
				INFOPLIST_KEY_UILaunchStoryboardName = LaunchScreen;
				INFOPLIST_KEY_UIMainStoryboardFile = Main;
				INFOPLIST_KEY_UIStatusBarHidden = YES;
				INFOPLIST_KEY_UISupportedInterfaceOrientations_iPad = "UIInterfaceOrientationPortrait UIInterfaceOrientationPortraitUpsideDown UIInterfaceOrientationLandscapeLeft UIInterfaceOrientationLandscapeRight";
				INFOPLIST_KEY_UISupportedInterfaceOrientations_iPhone = "UIInterfaceOrientationPortrait UIInterfaceOrientationLandscapeLeft UIInterfaceOrientationLandscapeRight";
				LD_RUNPATH_SEARCH_PATHS = (
					"$(inherited)",
					"@executable_path/Frameworks",
				);
				MARKETING_VERSION = 1.0;
				PRODUCT_BUNDLE_IDENTIFIER = "com.gnarlygav.Piggly-Wiggly";
				PRODUCT_NAME = "$(TARGET_NAME)";
				SWIFT_EMIT_LOC_STRINGS = YES;
				SWIFT_VERSION = 5.0;
				TARGETED_DEVICE_FAMILY = "1,2";
			};
			name = Release;
		};
		3B3BFBEB29BE1A22001FC54D /* Debug */ = {
			isa = XCBuildConfiguration;
			buildSettings = {
				ALWAYS_EMBED_SWIFT_STANDARD_LIBRARIES = YES;
				BUNDLE_LOADER = "$(TEST_HOST)";
				CODE_SIGN_STYLE = Automatic;
				CURRENT_PROJECT_VERSION = 1;
				DEVELOPMENT_TEAM = V2D5DM42EG;
				GENERATE_INFOPLIST_FILE = YES;
				IPHONEOS_DEPLOYMENT_TARGET = 15.0;
				LD_RUNPATH_SEARCH_PATHS = (
					"$(inherited)",
					"@executable_path/Frameworks",
					"@loader_path/Frameworks",
				);
				MARKETING_VERSION = 1.0;
				PRODUCT_BUNDLE_IDENTIFIER = "com.gnarlygav.Piggly-WigglyTests";
				PRODUCT_NAME = "$(TARGET_NAME)";
				SWIFT_EMIT_LOC_STRINGS = NO;
				SWIFT_VERSION = 5.0;
				TARGETED_DEVICE_FAMILY = "1,2";
				TEST_HOST = "$(BUILT_PRODUCTS_DIR)/Piggly Wiggly.app/Piggly Wiggly";
			};
			name = Debug;
		};
		3B3BFBEC29BE1A22001FC54D /* Release */ = {
			isa = XCBuildConfiguration;
			buildSettings = {
				ALWAYS_EMBED_SWIFT_STANDARD_LIBRARIES = YES;
				BUNDLE_LOADER = "$(TEST_HOST)";
				CODE_SIGN_STYLE = Automatic;
				CURRENT_PROJECT_VERSION = 1;
				DEVELOPMENT_TEAM = V2D5DM42EG;
				GENERATE_INFOPLIST_FILE = YES;
				IPHONEOS_DEPLOYMENT_TARGET = 15.0;
				LD_RUNPATH_SEARCH_PATHS = (
					"$(inherited)",
					"@executable_path/Frameworks",
					"@loader_path/Frameworks",
				);
				MARKETING_VERSION = 1.0;
				PRODUCT_BUNDLE_IDENTIFIER = "com.gnarlygav.Piggly-WigglyTests";
				PRODUCT_NAME = "$(TARGET_NAME)";
				SWIFT_EMIT_LOC_STRINGS = NO;
				SWIFT_VERSION = 5.0;
				TARGETED_DEVICE_FAMILY = "1,2";
				TEST_HOST = "$(BUILT_PRODUCTS_DIR)/Piggly Wiggly.app/Piggly Wiggly";
			};
			name = Release;
		};
		3B3BFBEE29BE1A22001FC54D /* Debug */ = {
			isa = XCBuildConfiguration;
			buildSettings = {
				ALWAYS_EMBED_SWIFT_STANDARD_LIBRARIES = YES;
				CODE_SIGN_STYLE = Automatic;
				CURRENT_PROJECT_VERSION = 1;
				DEVELOPMENT_TEAM = V2D5DM42EG;
				GENERATE_INFOPLIST_FILE = YES;
				LD_RUNPATH_SEARCH_PATHS = (
					"$(inherited)",
					"@executable_path/Frameworks",
					"@loader_path/Frameworks",
				);
				MARKETING_VERSION = 1.0;
				PRODUCT_BUNDLE_IDENTIFIER = "com.gnarlygav.Piggly-WigglyUITests";
				PRODUCT_NAME = "$(TARGET_NAME)";
				SWIFT_EMIT_LOC_STRINGS = NO;
				SWIFT_VERSION = 5.0;
				TARGETED_DEVICE_FAMILY = "1,2";
				TEST_TARGET_NAME = "Piggly Wiggly";
			};
			name = Debug;
		};
		3B3BFBEF29BE1A22001FC54D /* Release */ = {
			isa = XCBuildConfiguration;
			buildSettings = {
				ALWAYS_EMBED_SWIFT_STANDARD_LIBRARIES = YES;
				CODE_SIGN_STYLE = Automatic;
				CURRENT_PROJECT_VERSION = 1;
				DEVELOPMENT_TEAM = V2D5DM42EG;
				GENERATE_INFOPLIST_FILE = YES;
				LD_RUNPATH_SEARCH_PATHS = (
					"$(inherited)",
					"@executable_path/Frameworks",
					"@loader_path/Frameworks",
				);
				MARKETING_VERSION = 1.0;
				PRODUCT_BUNDLE_IDENTIFIER = "com.gnarlygav.Piggly-WigglyUITests";
				PRODUCT_NAME = "$(TARGET_NAME)";
				SWIFT_EMIT_LOC_STRINGS = NO;
				SWIFT_VERSION = 5.0;
				TARGETED_DEVICE_FAMILY = "1,2";
				TEST_TARGET_NAME = "Piggly Wiggly";
			};
			name = Release;
		};
/* End XCBuildConfiguration section */

/* Begin XCConfigurationList section */
		3B3BFBB529BE1A1F001FC54D /* Build configuration list for PBXProject "Piggly Wiggly" */ = {
			isa = XCConfigurationList;
			buildConfigurations = (
				3B3BFBE529BE1A22001FC54D /* Debug */,
				3B3BFBE629BE1A22001FC54D /* Release */,
			);
			defaultConfigurationIsVisible = 0;
			defaultConfigurationName = Release;
		};
		3B3BFBE729BE1A22001FC54D /* Build configuration list for PBXNativeTarget "Piggly Wiggly" */ = {
			isa = XCConfigurationList;
			buildConfigurations = (
				3B3BFBE829BE1A22001FC54D /* Debug */,
				3B3BFBE929BE1A22001FC54D /* Release */,
			);
			defaultConfigurationIsVisible = 0;
			defaultConfigurationName = Release;
		};
		3B3BFBEA29BE1A22001FC54D /* Build configuration list for PBXNativeTarget "Piggly WigglyTests" */ = {
			isa = XCConfigurationList;
			buildConfigurations = (
				3B3BFBEB29BE1A22001FC54D /* Debug */,
				3B3BFBEC29BE1A22001FC54D /* Release */,
			);
			defaultConfigurationIsVisible = 0;
			defaultConfigurationName = Release;
		};
		3B3BFBED29BE1A22001FC54D /* Build configuration list for PBXNativeTarget "Piggly WigglyUITests" */ = {
			isa = XCConfigurationList;
			buildConfigurations = (
				3B3BFBEE29BE1A22001FC54D /* Debug */,
				3B3BFBEF29BE1A22001FC54D /* Release */,
			);
			defaultConfigurationIsVisible = 0;
			defaultConfigurationName = Release;
		};
/* End XCConfigurationList section */
	};
	rootObject = 3B3BFBB229BE1A1F001FC54D /* Project object */;
}
